// !$*UTF8*$!
{
	archiveVersion = 1;
	classes = {
	};
	objectVersion = 50;
	objects = {

/* Begin PBXBuildFile section */
		57617EAD23781A0C00263581 /* AppDelegate.swift in Sources */ = {isa = PBXBuildFile; fileRef = 57617EAC23781A0C00263581 /* AppDelegate.swift */; };
		57617EAF23781A0C00263581 /* SceneDelegate.swift in Sources */ = {isa = PBXBuildFile; fileRef = 57617EAE23781A0C00263581 /* SceneDelegate.swift */; };
		57617EB123781A0C00263581 /* ContentView.swift in Sources */ = {isa = PBXBuildFile; fileRef = 57617EB023781A0C00263581 /* ContentView.swift */; };
		57617EB323781A1100263581 /* Assets.xcassets in Resources */ = {isa = PBXBuildFile; fileRef = 57617EB223781A1100263581 /* Assets.xcassets */; };
		57617EB623781A1100263581 /* Preview Assets.xcassets in Resources */ = {isa = PBXBuildFile; fileRef = 57617EB523781A1100263581 /* Preview Assets.xcassets */; };
		57617EB923781A1100263581 /* LaunchScreen.storyboard in Resources */ = {isa = PBXBuildFile; fileRef = 57617EB723781A1100263581 /* LaunchScreen.storyboard */; };
		57617EC423781A1100263581 /* BetterRestTests.swift in Sources */ = {isa = PBXBuildFile; fileRef = 57617EC323781A1100263581 /* BetterRestTests.swift */; };
		57617ECF23781A1100263581 /* BetterRestUITests.swift in Sources */ = {isa = PBXBuildFile; fileRef = 57617ECE23781A1100263581 /* BetterRestUITests.swift */; };
		579D6799237AFE6F003E6FF4 /* SleepCalculator.mlmodel in Sources */ = {isa = PBXBuildFile; fileRef = 579D6797237AFE6F003E6FF4 /* SleepCalculator.mlmodel */; };
/* End PBXBuildFile section */

/* Begin PBXContainerItemProxy section */
		57617EC023781A1100263581 /* PBXContainerItemProxy */ = {
			isa = PBXContainerItemProxy;
			containerPortal = 57617EA123781A0C00263581 /* Project object */;
			proxyType = 1;
			remoteGlobalIDString = 57617EA823781A0C00263581;
			remoteInfo = BetterRest;
		};
		57617ECB23781A1100263581 /* PBXContainerItemProxy */ = {
			isa = PBXContainerItemProxy;
			containerPortal = 57617EA123781A0C00263581 /* Project object */;
			proxyType = 1;
			remoteGlobalIDString = 57617EA823781A0C00263581;
			remoteInfo = BetterRest;
		};
/* End PBXContainerItemProxy section */

/* Begin PBXFileReference section */
		57617EA923781A0C00263581 /* BetterRest.app */ = {isa = PBXFileReference; explicitFileType = wrapper.application; includeInIndex = 0; path = BetterRest.app; sourceTree = BUILT_PRODUCTS_DIR; };
		57617EAC23781A0C00263581 /* AppDelegate.swift */ = {isa = PBXFileReference; lastKnownFileType = sourcecode.swift; path = AppDelegate.swift; sourceTree = "<group>"; };
		57617EAE23781A0C00263581 /* SceneDelegate.swift */ = {isa = PBXFileReference; lastKnownFileType = sourcecode.swift; path = SceneDelegate.swift; sourceTree = "<group>"; };
		57617EB023781A0C00263581 /* ContentView.swift */ = {isa = PBXFileReference; lastKnownFileType = sourcecode.swift; path = ContentView.swift; sourceTree = "<group>"; };
		57617EB223781A1100263581 /* Assets.xcassets */ = {isa = PBXFileReference; lastKnownFileType = folder.assetcatalog; path = Assets.xcassets; sourceTree = "<group>"; };
		57617EB523781A1100263581 /* Preview Assets.xcassets */ = {isa = PBXFileReference; lastKnownFileType = folder.assetcatalog; path = "Preview Assets.xcassets"; sourceTree = "<group>"; };
		57617EB823781A1100263581 /* Base */ = {isa = PBXFileReference; lastKnownFileType = file.storyboard; name = Base; path = Base.lproj/LaunchScreen.storyboard; sourceTree = "<group>"; };
		57617EBA23781A1100263581 /* Info.plist */ = {isa = PBXFileReference; lastKnownFileType = text.plist.xml; path = Info.plist; sourceTree = "<group>"; };
		57617EBF23781A1100263581 /* BetterRestTests.xctest */ = {isa = PBXFileReference; explicitFileType = wrapper.cfbundle; includeInIndex = 0; path = BetterRestTests.xctest; sourceTree = BUILT_PRODUCTS_DIR; };
		57617EC323781A1100263581 /* BetterRestTests.swift */ = {isa = PBXFileReference; lastKnownFileType = sourcecode.swift; path = BetterRestTests.swift; sourceTree = "<group>"; };
		57617EC523781A1100263581 /* Info.plist */ = {isa = PBXFileReference; lastKnownFileType = text.plist.xml; path = Info.plist; sourceTree = "<group>"; };
		57617ECA23781A1100263581 /* BetterRestUITests.xctest */ = {isa = PBXFileReference; explicitFileType = wrapper.cfbundle; includeInIndex = 0; path = BetterRestUITests.xctest; sourceTree = BUILT_PRODUCTS_DIR; };
		57617ECE23781A1100263581 /* BetterRestUITests.swift */ = {isa = PBXFileReference; lastKnownFileType = sourcecode.swift; path = BetterRestUITests.swift; sourceTree = "<group>"; };
		57617ED023781A1100263581 /* Info.plist */ = {isa = PBXFileReference; lastKnownFileType = text.plist.xml; path = Info.plist; sourceTree = "<group>"; };
		579D6797237AFE6F003E6FF4 /* SleepCalculator.mlmodel */ = {isa = PBXFileReference; lastKnownFileType = file.mlmodel; path = SleepCalculator.mlmodel; sourceTree = "<group>"; };
/* End PBXFileReference section */

/* Begin PBXFrameworksBuildPhase section */
		57617EA623781A0C00263581 /* Frameworks */ = {
			isa = PBXFrameworksBuildPhase;
			buildActionMask = 2147483647;
			files = (
			);
			runOnlyForDeploymentPostprocessing = 0;
		};
		57617EBC23781A1100263581 /* Frameworks */ = {
			isa = PBXFrameworksBuildPhase;
			buildActionMask = 2147483647;
			files = (
			);
			runOnlyForDeploymentPostprocessing = 0;
		};
		57617EC723781A1100263581 /* Frameworks */ = {
			isa = PBXFrameworksBuildPhase;
			buildActionMask = 2147483647;
			files = (
			);
			runOnlyForDeploymentPostprocessing = 0;
		};
/* End PBXFrameworksBuildPhase section */

/* Begin PBXGroup section */
		57617EA023781A0C00263581 = {
			isa = PBXGroup;
			children = (
				57617EAB23781A0C00263581 /* BetterRest */,
				57617EC223781A1100263581 /* BetterRestTests */,
				57617ECD23781A1100263581 /* BetterRestUITests */,
				57617EAA23781A0C00263581 /* Products */,
			);
			sourceTree = "<group>";
		};
		57617EAA23781A0C00263581 /* Products */ = {
			isa = PBXGroup;
			children = (
				57617EA923781A0C00263581 /* BetterRest.app */,
				57617EBF23781A1100263581 /* BetterRestTests.xctest */,
				57617ECA23781A1100263581 /* BetterRestUITests.xctest */,
			);
			name = Products;
			sourceTree = "<group>";
		};
		57617EAB23781A0C00263581 /* BetterRest */ = {
			isa = PBXGroup;
			children = (
				57617EAC23781A0C00263581 /* AppDelegate.swift */,
				57617EAE23781A0C00263581 /* SceneDelegate.swift */,
				57617EB023781A0C00263581 /* ContentView.swift */,
				57617EB223781A1100263581 /* Assets.xcassets */,
				57617EB723781A1100263581 /* LaunchScreen.storyboard */,
				57617EBA23781A1100263581 /* Info.plist */,
				579D6797237AFE6F003E6FF4 /* SleepCalculator.mlmodel */,
				57617EB423781A1100263581 /* Preview Content */,
			);
			path = BetterRest;
			sourceTree = "<group>";
		};
		57617EB423781A1100263581 /* Preview Content */ = {
			isa = PBXGroup;
			children = (
				57617EB523781A1100263581 /* Preview Assets.xcassets */,
			);
			path = "Preview Content";
			sourceTree = "<group>";
		};
		57617EC223781A1100263581 /* BetterRestTests */ = {
			isa = PBXGroup;
			children = (
				57617EC323781A1100263581 /* BetterRestTests.swift */,
				57617EC523781A1100263581 /* Info.plist */,
			);
			path = BetterRestTests;
			sourceTree = "<group>";
		};
		57617ECD23781A1100263581 /* BetterRestUITests */ = {
			isa = PBXGroup;
			children = (
				57617ECE23781A1100263581 /* BetterRestUITests.swift */,
				57617ED023781A1100263581 /* Info.plist */,
			);
			path = BetterRestUITests;
			sourceTree = "<group>";
		};
/* End PBXGroup section */

/* Begin PBXNativeTarget section */
		57617EA823781A0C00263581 /* BetterRest */ = {
			isa = PBXNativeTarget;
			buildConfigurationList = 57617ED323781A1100263581 /* Build configuration list for PBXNativeTarget "BetterRest" */;
			buildPhases = (
				57617EA523781A0C00263581 /* Sources */,
				57617EA623781A0C00263581 /* Frameworks */,
				57617EA723781A0C00263581 /* Resources */,
			);
			buildRules = (
			);
			dependencies = (
			);
			name = BetterRest;
			productName = BetterRest;
			productReference = 57617EA923781A0C00263581 /* BetterRest.app */;
			productType = "com.apple.product-type.application";
		};
		57617EBE23781A1100263581 /* BetterRestTests */ = {
			isa = PBXNativeTarget;
			buildConfigurationList = 57617ED623781A1100263581 /* Build configuration list for PBXNativeTarget "BetterRestTests" */;
			buildPhases = (
				57617EBB23781A1100263581 /* Sources */,
				57617EBC23781A1100263581 /* Frameworks */,
				57617EBD23781A1100263581 /* Resources */,
			);
			buildRules = (
			);
			dependencies = (
				57617EC123781A1100263581 /* PBXTargetDependency */,
			);
			name = BetterRestTests;
			productName = BetterRestTests;
			productReference = 57617EBF23781A1100263581 /* BetterRestTests.xctest */;
			productType = "com.apple.product-type.bundle.unit-test";
		};
		57617EC923781A1100263581 /* BetterRestUITests */ = {
			isa = PBXNativeTarget;
			buildConfigurationList = 57617ED923781A1100263581 /* Build configuration list for PBXNativeTarget "BetterRestUITests" */;
			buildPhases = (
				57617EC623781A1100263581 /* Sources */,
				57617EC723781A1100263581 /* Frameworks */,
				57617EC823781A1100263581 /* Resources */,
			);
			buildRules = (
			);
			dependencies = (
				57617ECC23781A1100263581 /* PBXTargetDependency */,
			);
			name = BetterRestUITests;
			productName = BetterRestUITests;
			productReference = 57617ECA23781A1100263581 /* BetterRestUITests.xctest */;
			productType = "com.apple.product-type.bundle.ui-testing";
		};
/* End PBXNativeTarget section */

/* Begin PBXProject section */
		57617EA123781A0C00263581 /* Project object */ = {
			isa = PBXProject;
			attributes = {
				LastSwiftUpdateCheck = 1120;
				LastUpgradeCheck = 1120;
				ORGANIZATIONNAME = "Victor Manuel Lagunas Franco";
				TargetAttributes = {
					57617EA823781A0C00263581 = {
						CreatedOnToolsVersion = 11.2;
					};
					57617EBE23781A1100263581 = {
						CreatedOnToolsVersion = 11.2;
						TestTargetID = 57617EA823781A0C00263581;
					};
					57617EC923781A1100263581 = {
						CreatedOnToolsVersion = 11.2;
						TestTargetID = 57617EA823781A0C00263581;
					};
				};
			};
			buildConfigurationList = 57617EA423781A0C00263581 /* Build configuration list for PBXProject "BetterRest" */;
			compatibilityVersion = "Xcode 9.3";
			developmentRegion = en;
			hasScannedForEncodings = 0;
			knownRegions = (
				en,
				Base,
			);
			mainGroup = 57617EA023781A0C00263581;
			productRefGroup = 57617EAA23781A0C00263581 /* Products */;
			projectDirPath = "";
			projectRoot = "";
			targets = (
				57617EA823781A0C00263581 /* BetterRest */,
				57617EBE23781A1100263581 /* BetterRestTests */,
				57617EC923781A1100263581 /* BetterRestUITests */,
			);
		};
/* End PBXProject section */

/* Begin PBXResourcesBuildPhase section */
		57617EA723781A0C00263581 /* Resources */ = {
			isa = PBXResourcesBuildPhase;
			buildActionMask = 2147483647;
			files = (
				57617EB923781A1100263581 /* LaunchScreen.storyboard in Resources */,
				57617EB623781A1100263581 /* Preview Assets.xcassets in Resources */,
				57617EB323781A1100263581 /* Assets.xcassets in Resources */,
			);
			runOnlyForDeploymentPostprocessing = 0;
		};
		57617EBD23781A1100263581 /* Resources */ = {
			isa = PBXResourcesBuildPhase;
			buildActionMask = 2147483647;
			files = (
			);
			runOnlyForDeploymentPostprocessing = 0;
		};
		57617EC823781A1100263581 /* Resources */ = {
			isa = PBXResourcesBuildPhase;
			buildActionMask = 2147483647;
			files = (
			);
			runOnlyForDeploymentPostprocessing = 0;
		};
/* End PBXResourcesBuildPhase section */

/* Begin PBXSourcesBuildPhase section */
		57617EA523781A0C00263581 /* Sources */ = {
			isa = PBXSourcesBuildPhase;
			buildActionMask = 2147483647;
			files = (
				57617EAD23781A0C00263581 /* AppDelegate.swift in Sources */,
				579D6799237AFE6F003E6FF4 /* SleepCalculator.mlmodel in Sources */,
				57617EAF23781A0C00263581 /* SceneDelegate.swift in Sources */,
				57617EB123781A0C00263581 /* ContentView.swift in Sources */,
			);
			runOnlyForDeploymentPostprocessing = 0;
		};
		57617EBB23781A1100263581 /* Sources */ = {
			isa = PBXSourcesBuildPhase;
			buildActionMask = 2147483647;
			files = (
				57617EC423781A1100263581 /* BetterRestTests.swift in Sources */,
			);
			runOnlyForDeploymentPostprocessing = 0;
		};
		57617EC623781A1100263581 /* Sources */ = {
			isa = PBXSourcesBuildPhase;
			buildActionMask = 2147483647;
			files = (
				57617ECF23781A1100263581 /* BetterRestUITests.swift in Sources */,
			);
			runOnlyForDeploymentPostprocessing = 0;
		};
/* End PBXSourcesBuildPhase section */

/* Begin PBXTargetDependency section */
		57617EC123781A1100263581 /* PBXTargetDependency */ = {
			isa = PBXTargetDependency;
			target = 57617EA823781A0C00263581 /* BetterRest */;
			targetProxy = 57617EC023781A1100263581 /* PBXContainerItemProxy */;
		};
		57617ECC23781A1100263581 /* PBXTargetDependency */ = {
			isa = PBXTargetDependency;
			target = 57617EA823781A0C00263581 /* BetterRest */;
			targetProxy = 57617ECB23781A1100263581 /* PBXContainerItemProxy */;
		};
/* End PBXTargetDependency section */

/* Begin PBXVariantGroup section */
		57617EB723781A1100263581 /* LaunchScreen.storyboard */ = {
			isa = PBXVariantGroup;
			children = (
				57617EB823781A1100263581 /* Base */,
			);
			name = LaunchScreen.storyboard;
			sourceTree = "<group>";
		};
/* End PBXVariantGroup section */

/* Begin XCBuildConfiguration section */
		57617ED123781A1100263581 /* Debug */ = {
			isa = XCBuildConfiguration;
			buildSettings = {
				ALWAYS_SEARCH_USER_PATHS = NO;
				CLANG_ANALYZER_NONNULL = YES;
				CLANG_ANALYZER_NUMBER_OBJECT_CONVERSION = YES_AGGRESSIVE;
				CLANG_CXX_LANGUAGE_STANDARD = "gnu++14";
				CLANG_CXX_LIBRARY = "libc++";
				CLANG_ENABLE_MODULES = YES;
				CLANG_ENABLE_OBJC_ARC = YES;
				CLANG_ENABLE_OBJC_WEAK = YES;
				CLANG_WARN_BLOCK_CAPTURE_AUTORELEASING = YES;
				CLANG_WARN_BOOL_CONVERSION = YES;
				CLANG_WARN_COMMA = YES;
				CLANG_WARN_CONSTANT_CONVERSION = YES;
				CLANG_WARN_DEPRECATED_OBJC_IMPLEMENTATIONS = YES;
				CLANG_WARN_DIRECT_OBJC_ISA_USAGE = YES_ERROR;
				CLANG_WARN_DOCUMENTATION_COMMENTS = YES;
				CLANG_WARN_EMPTY_BODY = YES;
				CLANG_WARN_ENUM_CONVERSION = YES;
				CLANG_WARN_INFINITE_RECURSION = YES;
				CLANG_WARN_INT_CONVERSION = YES;
				CLANG_WARN_NON_LITERAL_NULL_CONVERSION = YES;
				CLANG_WARN_OBJC_IMPLICIT_RETAIN_SELF = YES;
				CLANG_WARN_OBJC_LITERAL_CONVERSION = YES;
				CLANG_WARN_OBJC_ROOT_CLASS = YES_ERROR;
				CLANG_WARN_RANGE_LOOP_ANALYSIS = YES;
				CLANG_WARN_STRICT_PROTOTYPES = YES;
				CLANG_WARN_SUSPICIOUS_MOVE = YES;
				CLANG_WARN_UNGUARDED_AVAILABILITY = YES_AGGRESSIVE;
				CLANG_WARN_UNREACHABLE_CODE = YES;
				CLANG_WARN__DUPLICATE_METHOD_MATCH = YES;
				COPY_PHASE_STRIP = NO;
				DEBUG_INFORMATION_FORMAT = dwarf;
				ENABLE_STRICT_OBJC_MSGSEND = YES;
				ENABLE_TESTABILITY = YES;
				GCC_C_LANGUAGE_STANDARD = gnu11;
				GCC_DYNAMIC_NO_PIC = NO;
				GCC_NO_COMMON_BLOCKS = YES;
				GCC_OPTIMIZATION_LEVEL = 0;
				GCC_PREPROCESSOR_DEFINITIONS = (
					"DEBUG=1",
					"$(inherited)",
				);
				GCC_WARN_64_TO_32_BIT_CONVERSION = YES;
				GCC_WARN_ABOUT_RETURN_TYPE = YES_ERROR;
				GCC_WARN_UNDECLARED_SELECTOR = YES;
				GCC_WARN_UNINITIALIZED_AUTOS = YES_AGGRESSIVE;
				GCC_WARN_UNUSED_FUNCTION = YES;
				GCC_WARN_UNUSED_VARIABLE = YES;
				IPHONEOS_DEPLOYMENT_TARGET = 13.2;
				MTL_ENABLE_DEBUG_INFO = INCLUDE_SOURCE;
				MTL_FAST_MATH = YES;
				ONLY_ACTIVE_ARCH = YES;
				SDKROOT = iphoneos;
				SWIFT_ACTIVE_COMPILATION_CONDITIONS = DEBUG;
				SWIFT_OPTIMIZATION_LEVEL = "-Onone";
			};
			name = Debug;
		};
		57617ED223781A1100263581 /* Release */ = {
			isa = XCBuildConfiguration;
			buildSettings = {
				ALWAYS_SEARCH_USER_PATHS = NO;
				CLANG_ANALYZER_NONNULL = YES;
				CLANG_ANALYZER_NUMBER_OBJECT_CONVERSION = YES_AGGRESSIVE;
				CLANG_CXX_LANGUAGE_STANDARD = "gnu++14";
				CLANG_CXX_LIBRARY = "libc++";
				CLANG_ENABLE_MODULES = YES;
				CLANG_ENABLE_OBJC_ARC = YES;
				CLANG_ENABLE_OBJC_WEAK = YES;
				CLANG_WARN_BLOCK_CAPTURE_AUTORELEASING = YES;
				CLANG_WARN_BOOL_CONVERSION = YES;
				CLANG_WARN_COMMA = YES;
				CLANG_WARN_CONSTANT_CONVERSION = YES;
				CLANG_WARN_DEPRECATED_OBJC_IMPLEMENTATIONS = YES;
				CLANG_WARN_DIRECT_OBJC_ISA_USAGE = YES_ERROR;
				CLANG_WARN_DOCUMENTATION_COMMENTS = YES;
				CLANG_WARN_EMPTY_BODY = YES;
				CLANG_WARN_ENUM_CONVERSION = YES;
				CLANG_WARN_INFINITE_RECURSION = YES;
				CLANG_WARN_INT_CONVERSION = YES;
				CLANG_WARN_NON_LITERAL_NULL_CONVERSION = YES;
				CLANG_WARN_OBJC_IMPLICIT_RETAIN_SELF = YES;
				CLANG_WARN_OBJC_LITERAL_CONVERSION = YES;
				CLANG_WARN_OBJC_ROOT_CLASS = YES_ERROR;
				CLANG_WARN_RANGE_LOOP_ANALYSIS = YES;
				CLANG_WARN_STRICT_PROTOTYPES = YES;
				CLANG_WARN_SUSPICIOUS_MOVE = YES;
				CLANG_WARN_UNGUARDED_AVAILABILITY = YES_AGGRESSIVE;
				CLANG_WARN_UNREACHABLE_CODE = YES;
				CLANG_WARN__DUPLICATE_METHOD_MATCH = YES;
				COPY_PHASE_STRIP = NO;
				DEBUG_INFORMATION_FORMAT = "dwarf-with-dsym";
				ENABLE_NS_ASSERTIONS = NO;
				ENABLE_STRICT_OBJC_MSGSEND = YES;
				GCC_C_LANGUAGE_STANDARD = gnu11;
				GCC_NO_COMMON_BLOCKS = YES;
				GCC_WARN_64_TO_32_BIT_CONVERSION = YES;
				GCC_WARN_ABOUT_RETURN_TYPE = YES_ERROR;
				GCC_WARN_UNDECLARED_SELECTOR = YES;
				GCC_WARN_UNINITIALIZED_AUTOS = YES_AGGRESSIVE;
				GCC_WARN_UNUSED_FUNCTION = YES;
				GCC_WARN_UNUSED_VARIABLE = YES;
				IPHONEOS_DEPLOYMENT_TARGET = 13.2;
				MTL_ENABLE_DEBUG_INFO = NO;
				MTL_FAST_MATH = YES;
				SDKROOT = iphoneos;
				SWIFT_COMPILATION_MODE = wholemodule;
				SWIFT_OPTIMIZATION_LEVEL = "-O";
				VALIDATE_PRODUCT = YES;
			};
			name = Release;
		};
		57617ED423781A1100263581 /* Debug */ = {
			isa = XCBuildConfiguration;
			buildSettings = {
				ASSETCATALOG_COMPILER_APPICON_NAME = AppIcon;
				CODE_SIGN_STYLE = Automatic;
				DEVELOPMENT_ASSET_PATHS = "\"BetterRest/Preview Content\"";
				ENABLE_PREVIEWS = YES;
				INFOPLIST_FILE = BetterRest/Info.plist;
				LD_RUNPATH_SEARCH_PATHS = (
					"$(inherited)",
					"@executable_path/Frameworks",
				);
				PRODUCT_BUNDLE_IDENTIFIER = com.app.form.BetterRest;
				PRODUCT_NAME = "$(TARGET_NAME)";
				SWIFT_VERSION = 5.0;
				TARGETED_DEVICE_FAMILY = "1,2";
			};
			name = Debug;
		};
		57617ED523781A1100263581 /* Release */ = {
			isa = XCBuildConfiguration;
			buildSettings = {
				ASSETCATALOG_COMPILER_APPICON_NAME = AppIcon;
				CODE_SIGN_STYLE = Automatic;
				DEVELOPMENT_ASSET_PATHS = "\"BetterRest/Preview Content\"";
				ENABLE_PREVIEWS = YES;
				INFOPLIST_FILE = BetterRest/Info.plist;
				LD_RUNPATH_SEARCH_PATHS = (
					"$(inherited)",
					"@executable_path/Frameworks",
				);
				PRODUCT_BUNDLE_IDENTIFIER = com.app.form.BetterRest;
				PRODUCT_NAME = "$(TARGET_NAME)";
				SWIFT_VERSION = 5.0;
				TARGETED_DEVICE_FAMILY = "1,2";
			};
			name = Release;
		};
		57617ED723781A1100263581 /* Debug */ = {
			isa = XCBuildConfiguration;
			buildSettings = {
				ALWAYS_EMBED_SWIFT_STANDARD_LIBRARIES = YES;
				BUNDLE_LOADER = "$(TEST_HOST)";
				CODE_SIGN_STYLE = Automatic;
				INFOPLIST_FILE = BetterRestTests/Info.plist;
				IPHONEOS_DEPLOYMENT_TARGET = 13.2;
				LD_RUNPATH_SEARCH_PATHS = (
					"$(inherited)",
					"@executable_path/Frameworks",
					"@loader_path/Frameworks",
				);
				PRODUCT_BUNDLE_IDENTIFIER = com.app.form.BetterRestTests;
				PRODUCT_NAME = "$(TARGET_NAME)";
				SWIFT_VERSION = 5.0;
				TARGETED_DEVICE_FAMILY = "1,2";
				TEST_HOST = "$(BUILT_PRODUCTS_DIR)/BetterRest.app/BetterRest";
			};
			name = Debug;
		};
		57617ED823781A1100263581 /* Release */ = {
			isa = XCBuildConfiguration;
			buildSettings = {
				ALWAYS_EMBED_SWIFT_STANDARD_LIBRARIES = YES;
				BUNDLE_LOADER = "$(TEST_HOST)";
				CODE_SIGN_STYLE = Automatic;
				INFOPLIST_FILE = BetterRestTests/Info.plist;
				IPHONEOS_DEPLOYMENT_TARGET = 13.2;
				LD_RUNPATH_SEARCH_PATHS = (
					"$(inherited)",
					"@executable_path/Frameworks",
					"@loader_path/Frameworks",
				);
				PRODUCT_BUNDLE_IDENTIFIER = com.app.form.BetterRestTests;
				PRODUCT_NAME = "$(TARGET_NAME)";
				SWIFT_VERSION = 5.0;
				TARGETED_DEVICE_FAMILY = "1,2";
				TEST_HOST = "$(BUILT_PRODUCTS_DIR)/BetterRest.app/BetterRest";
			};
			name = Release;
		};
		57617EDA23781A1100263581 /* Debug */ = {
			isa = XCBuildConfiguration;
			buildSettings = {
				ALWAYS_EMBED_SWIFT_STANDARD_LIBRARIES = YES;
				CODE_SIGN_STYLE = Automatic;
				INFOPLIST_FILE = BetterRestUITests/Info.plist;
				LD_RUNPATH_SEARCH_PATHS = (
					"$(inherited)",
					"@executable_path/Frameworks",
					"@loader_path/Frameworks",
				);
				PRODUCT_BUNDLE_IDENTIFIER = com.app.form.BetterRestUITests;
				PRODUCT_NAME = "$(TARGET_NAME)";
				SWIFT_VERSION = 5.0;
				TARGETED_DEVICE_FAMILY = "1,2";
				TEST_TARGET_NAME = BetterRest;
			};
			name = Debug;
		};
		57617EDB23781A1100263581 /* Release */ = {
			isa = XCBuildConfiguration;
			buildSettings = {
				ALWAYS_EMBED_SWIFT_STANDARD_LIBRARIES = YES;
				CODE_SIGN_STYLE = Automatic;
				INFOPLIST_FILE = BetterRestUITests/Info.plist;
				LD_RUNPATH_SEARCH_PATHS = (
					"$(inherited)",
					"@executable_path/Frameworks",
					"@loader_path/Frameworks",
				);
				PRODUCT_BUNDLE_IDENTIFIER = com.app.form.BetterRestUITests;
				PRODUCT_NAME = "$(TARGET_NAME)";
				SWIFT_VERSION = 5.0;
				TARGETED_DEVICE_FAMILY = "1,2";
				TEST_TARGET_NAME = BetterRest;
			};
			name = Release;
		};
/* End XCBuildConfiguration section */

/* Begin XCConfigurationList section */
		57617EA423781A0C00263581 /* Build configuration list for PBXProject "BetterRest" */ = {
			isa = XCConfigurationList;
			buildConfigurations = (
				57617ED123781A1100263581 /* Debug */,
				57617ED223781A1100263581 /* Release */,
			);
			defaultConfigurationIsVisible = 0;
			defaultConfigurationName = Release;
		};
		57617ED323781A1100263581 /* Build configuration list for PBXNativeTarget "BetterRest" */ = {
			isa = XCConfigurationList;
			buildConfigurations = (
				57617ED423781A1100263581 /* Debug */,
				57617ED523781A1100263581 /* Release */,
			);
			defaultConfigurationIsVisible = 0;
			defaultConfigurationName = Release;
		};
		57617ED623781A1100263581 /* Build configuration list for PBXNativeTarget "BetterRestTests" */ = {
			isa = XCConfigurationList;
			buildConfigurations = (
				57617ED723781A1100263581 /* Debug */,
				57617ED823781A1100263581 /* Release */,
			);
			defaultConfigurationIsVisible = 0;
			defaultConfigurationName = Release;
		};
		57617ED923781A1100263581 /* Build configuration list for PBXNativeTarget "BetterRestUITests" */ = {
			isa = XCConfigurationList;
			buildConfigurations = (
				57617EDA23781A1100263581 /* Debug */,
				57617EDB23781A1100263581 /* Release */,
			);
			defaultConfigurationIsVisible = 0;
			defaultConfigurationName = Release;
		};
/* End XCConfigurationList section */
	};
	rootObject = 57617EA123781A0C00263581 /* Project object */;
}
